version = 1
revision = 3
requires-python = ">=3.12"

[[package]]
name = "colorama"
version = "0.4.6"
source = { registry = "https://pypi.org/simple" }
sdist = { url = "https://files.pythonhosted.org/packages/d8/53/6f443c9a4a8358a93a6792e2acffb9d9d5cb0a5cfd8802644b7b1c9a02e4/colorama-0.4.6.tar.gz", hash = "sha256:08695f5cb7ed6e0531a20572697297273c47b8cae5a63ffc6d6ed5c201be6e44", size = 27697, upload-time = "2022-10-25T02:36:22.414Z" }
wheels = [
    { url = "https://files.pythonhosted.org/packages/d1/d6/3965ed04c63042e047cb6a3e6ed1a63a35087b6a609aa3a15ed8ac56c221/colorama-0.4.6-py2.py3-none-any.whl", hash = "sha256:4f1d9991f5acc0ca119f9d443620b77f9d6b33703e51011c16baf57afb285fc6", size = 25335, upload-time = "2022-10-25T02:36:20.889Z" },
]

[[package]]
name = "hypothesis"
version = "6.168.5"
source = { registry = "https://pypi.org/simple" }
dependencies = [
    { name = "sortedcontainers" },
]
sdist = { url = "https://files.pythonhosted.org/packages/93/a8/bd70d7c2966e561228b9fdc075ee77c0ba577dcbbfbf921edf614db14f6a/hypothesis-6.168.5.tar.gz", hash = "sha256:76b9226962fe11d40858253a967eda95bb65811365286317e0118f4ec8f808c7", size = 511115, upload-time = "2026-10-05T23:26:35.416Z" }
wheels = [
    { url = "https://files.pythonhosted.org/packages/98/0c/7f04c8d277dfc828ba584b7d9d10dbac5e91fce673fa5328f7bd5bf64609/hypothesis-6.168.5-cp310-abi3-macosx_10_12_x86_64.whl", hash = "sha256:ca43a751410a9c6685f029fd5126cc5507664cafaa76017922aa8ae2e17b6620", size = 791539, upload-time = "2026-10-05T23:24:25.544Z" },
    { url = "https://files.pythonhosted.org/packages/11/5c/660906d83db74eb86feda715d0f2df14836205b14a183332116676733e6f/hypothesis-6.168.5-cp310-abi3-macosx_11_0_arm64.whl", hash = "sha256:c8b98707cbe9f430d100a945bbe17612fd3aa44eac1b0ac5299669fe3b8e4128", size = 787208, upload-time = "2026-10-05T23:25:14.028Z" },
    { url = "https://files.pythonhosted.org/packages/01/85/36e19492bc4ff354c2be9c8fa7c6ace0c65f9d2c7116656b741680c6ca55/hypothesis-6.168.5-cp310-abi3-manylinux_2_17_aarch64.manylinux2014_aarch64.whl", hash = "sha256:4dde52a0b696c642e7f988a03026c7c29f90daf21e74507b6f865c3ccc9d536e", size = 1115200, upload-time = "2026-10-05T23:25:53.064Z" },
    { url = "https://files.pythonhosted.org/packages/d4/82/3273fb0a3567c09b767bb8fe2824d65e16ae2abb92cf1f43762df723df94/hypothesis-6.168.5-cp310-abi3-manylinux_2_17_armv7l.manylinux2014_armv7l.whl", hash = "sha256:42f02e4541fe0c17a1320617effc0ab8a8aca2a9af15e3358d4150acf3bbdc00", size = 1145113, upload-time = "2026-10-05T23:25:17.502Z" },
    { url = "https://files.pythonhosted.org/packages/74/59/5c5904555a0bbd4b2898d73ea90c6d03f5be0d8ff0756ac1d519ace6ae66/hypothesis-6.168.5-cp310-abi3-manylinux_2_17_ppc64le.manylinux2014_ppc64le.whl", hash = "sha256:bf6dd7e537a12763c9afa017f7a6159e5cda608e98670621fa44596a1e8e9288", size = 1139564, upload-time = "2026-10-05T23:25:56.681Z" },
    { url = "https://files.pythonhosted.org/packages/cb/ce/55654ff9575587a401e304f08ad1d43b7e6318f81c66bd866fdc5ab4665b/hypothesis-6.168.5-cp310-abi3-manylinux_2_17_s390x.manylinux2014_s390x.whl", hash = "sha256:df2c04cd30abf42c52580184216162a75b5508b214a472b86670f6dd50659a3b", size = 1192142, upload-time = "2026-10-05T23:26:06.565Z" },
    { url = "https://files.pythonhosted.org/packages/48/91/4cc9d6e8a950473e07e3ebf00cbb8ee0d76b14d193f94c3de20f1c09e2b1/hypothesis-6.168.5-cp310-abi3-manylinux_2_17_x86_64.manylinux2014_x86_64.whl", hash = "sha256:278662eb21aaec9eaae71ea4dabd4fe390c2af11ec58a6a0606687cf6d7689b0", size = 1157262, upload-time = "2026-10-05T23:24:59.229Z" },
    { url = "https://files.pythonhosted.org/packages/f1/3a/4b8aa3be788ea81b9a7bc6b673ed89edd72fd0645c6aa691d4c159ff971a/hypothesis-6.168.5-cp310-abi3-manylinux_2_31_riscv64.whl", hash = "sha256:6bcedc4ab8ab92dd0f3af0cfe24dce184d225751d7bc870a9cddb9a557de847f", size = 1113779, upload-time = "2026-10-05T23:24:12.327Z" },
    { url = "https://files.pythonhosted.org/packages/f9/98/2eb4c79d1851195e6a083568b065235680ab984e984bbd472f2a7d02ba33/hypothesis-6.168.5-cp310-abi3-manylinux_2_5_i686.manylinux1_i686.whl", hash = "sha256:8b58097cc3b98d8616f635ac73888fc9f859311875f2adc043f1544c40c3c466", size = 1152639, upload-time = "2026-10-05T23:25:43.635Z" },
    { url = "https://files.pythonhosted.org/packages/f0/9c/68f7e99b43c6f37c077669a4d3bd88f48c042444ced9e7cff0eaf44bc70a/hypothesis-6.168.5-cp310-abi3-musllinux_1_2_aarch64.whl", hash = "sha256:f8a387d9ee7f804e830b31f2e2e339ab5731665e922cfda4f6f6fbdb05e191b4", size = 1290068, upload-time = "2026-10-05T23:25:28.45Z" },
    { url = "https://files.pythonhosted.org/packages/b4/04/d4f87164a0d028ab102cea345b601d9dafb3196358df5448caa88ac3c1e2/hypothesis-6.168.5-cp310-abi3-musllinux_1_2_armv7l.whl", hash = "sha256:326f6383fdf2e37ac69773589a8238a3bf396ca8ac8efacb0fb9ed42dd08e426", size = 1418551, upload-time = "2026-10-05T23:24:51.25Z" },
    { url = "https://files.pythonhosted.org/packages/a8/32/6b518a25514f0e643f95610c77e279bfbf0e0b3bd423aac0187d6f039b9a/hypothesis-6.168.5-cp310-abi3-musllinux_1_2_i686.whl", hash = "sha256:5d33fc74e43bbd7c3a8f6f7161a8b93b676924286e97e70e828c6e0dcee5c01f", size = 1372130, upload-time = "2026-10-05T23:25:32.359Z" },
    { url = "https://files.pythonhosted.org/packages/48/c2/32538e14e63193ca894ba584696805d1eb45cfc27e15fccd47acfb87531c/hypothesis-6.168.5-cp310-abi3-musllinux_1_2_ppc64le.whl", hash = "sha256:1994923cf5e5220ae6bf19645302504b27c0289d83e5d8690df71dcae63d8416", size = 1268950, upload-time = "2026-10-05T23:25:02.544Z" },
    { url = "https://files.pythonhosted.org/packages/86/3b/e50e7e98af9489aa05203c2ab38c95d891dd8d1ed08fad972dcdb6955332/hypothesis-6.168.5-cp310-abi3-musllinux_1_2_riscv64.whl", hash = "sha256:501038fd24d3bc95239cfd093a23cf1151f29dd82382a3554dac5dfdab9729ae", size = 1283907, upload-time = "2026-10-05T23:24:29.909Z" },
    { url = "https://files.pythonhosted.org/packages/71/46/41c460a7d2148a04b212b2d594d39992fb52e0b844e13bf6784573fc8dea/hypothesis-6.168.5-cp310-abi3-musllinux_1_2_x86_64.whl", hash = "sha256:e2292ddc24fe6d04b7d30fa6a7e2c9e280ad5078fe671d0bf4aa6df6e143b5ac", size = 1323762, upload-time = "2026-10-05T23:24:18.984Z" },
    { url = "https://files.pythonhosted.org/packages/68/4f/37a7fc1fe445e3589e0f56ff4573c28de1d6e6a03009cba2f99f04e46ffa/hypothesis-6.168.5-cp310-abi3-win32.whl", hash = "sha256:925d67c69b719d416334aa961c0cdfc4a58a471af1ebd2d7101bd515a70f4e5f", size = 677903, upload-time = "2026-10-05T23:25:07.129Z" },
    { url = "https://files.pythonhosted.org/packages/81/e6/7b25ca7845a60522ebc5f8054f6bba68d47126fb5d940c784fc528a4be4a/hypothesis-6.168.5-cp310-abi3-win_amd64.whl", hash = "sha256:2311590eccba452de863dfe3466daa86a05c25f072ab31ed8bb4d3313ee68439", size = 684616, upload-time = "2026-10-05T23:25:04.028Z" },
    { url = "https://files.pythonhosted.org/packages/c3/00/40e7c36b46c8788eddc7a322ad324e6db53c8ab9a8b9a95d6535ee7bdaaf/hypothesis-6.168.5-cp310-abi3-win_arm64.whl", hash = "sha256:222a6d23a2a824b0f9f73761c2fb9cd2aca96cf3e5b441617625bce4f7eb4fd4", size = 683061, upload-time = "2026-10-05T23:25:19.403Z" },
    { url = "https://files.pythonhosted.org/packages/90/43/a04a727578cbef9f75c11fa6fbad66d13aaffc354f4f979506219814c7d4/hypothesis-6.168.5-cp312-cp312-macosx_10_12_x86_64.whl", hash = "sha256:ddee1ef4bab47e315b705e42d2f4354e789973d11f9620d2df242aef4cfa42b2", size = 793156, upload-time = "2026-10-05T23:25:49.433Z" },
    { url = "https://files.pythonhosted.org/packages/f4/91/55de4e2a12fe98ebd5bc8f35e59870c897ab360cbfe5aa63862cdbef56ad/hypothesis-6.168.5-cp312-cp312-macosx_11_0_arm64.whl", hash = "sha256:81ceb49b0dc3a4b6126cd0d3bf2b634af4e91513c8f1e2daee16041414ed8e3d", size = 784788, upload-time = "2026-10-05T23:26:20.188Z" },
    { url = "https://files.pythonhosted.org/packages/f4/61/230abc6320540bdf73baf9a1c025fb0aa27cfd5a3791a2e0c95114239a70/hypothesis-6.168.5-cp312-cp312-manylinux_2_17_aarch64.manylinux2014_aarch64.whl", hash = "sha256:0a09caa95d2d7e6546f727f703de606145835d9ca215fb3134a21353c69afaac", size = 1113853, upload-time = "2026-10-05T23:25:30.593Z" },
    { url = "https://files.pythonhosted.org/packages/f7/4d/3bf0a7806b3fa12ed076f2daeb3db0e6f9738994e879432ffd8dbcffd634/hypothesis-6.168.5-cp312-cp312-manylinux_2_17_x86_64.manylinux2014_x86_64.whl", hash = "sha256:97ac1d516a42a3b1f13b36a1aa6a5f842e43d67e69d4dc664a9645b28de411ef", size = 1156695, upload-time = "2026-10-05T23:24:28.607Z" },
    { url = "https://files.pythonhosted.org/packages/7c/a0/603f918fcf8f74f81ea593b04e3a9a9fcd426bbf389ed52cb340249bdc14/hypothesis-6.168.5-cp312-cp312-musllinux_1_2_aarch64.whl", hash = "sha256:e4819fba78c6cbaa6e2f9fd5a69a413817446943f286763819b5ac52391bff3e", size = 1288792, upload-time = "2026-10-05T23:25:36.354Z" },
    { url = "https://files.pythonhosted.org/packages/69/7c/711ef5be6e889dcd40d9b03cdd85cd42ae39af75835bced3c374730291a9/hypothesis-6.168.5-cp312-cp312-musllinux_1_2_x86_64.whl", hash = "sha256:87334b95dfbc101652fa48a427a742b0715b814506d9a10f621c29e476b4a2c1", size = 1323090, upload-time = "2026-10-05T23:25:58.753Z" },
    { url = "https://files.pythonhosted.org/packages/66/66/0377d7d13ff3e2c16efd141942649edcdb568caec4576f86ac779545dd85/hypothesis-6.168.5-cp312-cp312-win_amd64.whl", hash = "sha256:2fcec23ff4eb526ee85d3510f564b938ca74f6011f1eec1050e4eb55280b0468", size = 681999, upload-time = "2026-10-05T23:25:41.86Z" },
    { url = "https://files.pythonhosted.org/packages/7b/b3/1f7f72cd28d02a5ca99c432fbffe4b750a375df2284af9d916943dd3aa4f/hypothesis-6.168.5-cp313-cp313-macosx_10_12_x86_64.whl", hash = "sha256:714337b25ca9137bc359c570b868269462307e120999412ca1946f997f4b9db5", size = 793075, upload-time = "2026-10-05T23:25:15.905Z" },
    { url = "https://files.pythonhosted.org/packages/8f/ba/5b0874828695c4d49e3858d0967254f783e563cd0e211a6db27d11d48a1f/hypothesis-6.168.5-cp313-cp313-macosx_11_0_arm64.whl", hash = "sha256:7f1c3617155fcf5b5259a1f2e4c775d3eec7bfa80b162b2f6f145b08f871ab08", size = 784693, upload-time = "2026-10-05T23:24:16.559Z" },
    { url = "https://files.pythonhosted.org/packages/c5/5f/ca777becba5251b0d778bb9d83d15524c559a07e4b5d4e6211473855bae2/hypothesis-6.168.5-cp313-cp313-manylinux_2_17_aarch64.manylinux2014_aarch64.whl", hash = "sha256:ebee70b7a026210bb47c86c89e5bfb42effd5bd630080e76bc084f29c01c7f7a", size = 1113693, upload-time = "2026-10-05T23:24:44.262Z" },
    { url = "https://files.pythonhosted.org/packages/a7/e7/5a74bf329e405db3edc5639a2595eccf33ad6f5aaa191019e9f824d630f4/hypothesis-6.168.5-cp313-cp313-manylinux_2_17_x86_64.manylinux2014_x86_64.whl", hash = "sha256:8cfb06b31cca005345b8ad63f88986d21fd359a7dc3dba2965dd3515b720e5c9", size = 1156530, upload-time = "2026-10-05T23:24:47.153Z" },
    { url = "https://files.pythonhosted.org/packages/34/7d/e79cf67f03f212a1394abac21053bd6887aa70f557be1da3f9c9c73e58ae/hypothesis-6.168.5-cp313-cp313-musllinux_1_2_aarch64.whl", hash = "sha256:4a4c244d7ab64963fb575f0ec2d813630e1d14cefc39e7c460d5d778e5af4118", size = 1288713, upload-time = "2026-10-05T23:25:22.763Z" },
    { url = "https://files.pythonhosted.org/packages/14/c7/df452159ac8d7b278071a3e81fafc69da833ec4302b8c85f5b6e530aea21/hypothesis-6.168.5-cp313-cp313-musllinux_1_2_x86_64.whl", hash = "sha256:8e59d519f6fb38b3fa4fcde046767b03a24740fe827d261ee7ff9a721c06169b", size = 1323134, upload-time = "2026-10-05T23:26:02.485Z" },
    { url = "https://files.pythonhosted.org/packages/af/fb/f07d8d09fb57eb14555cad64dfbe29bfdcecff3806f1e01268258088e741/hypothesis-6.168.5-cp313-cp313-win_amd64.whl", hash = "sha256:c103f655644afa4ef6bf7efbf86e44b78ee475fd0691da2db86e2cfe72c07234", size = 682019, upload-time = "2026-10-05T23:24:22.888Z" },
    { url = "https://files.pythonhosted.org/packages/de/e9/7c3c2262b8cfa825c4c1764d62aa15e628bae257ccfd2ee4f3ffa4f81eaa/hypothesis-6.168.5-cp314-cp314-macosx_10_12_x86_64.whl", hash = "sha256:c4dc037d8001bc6eccb8636f4a38d16ea6b250d6bf0a89075aaa5e5069f751cc", size = 793253, upload-time = "2026-10-05T23:26:14.331Z" },
    { url = "https://files.pythonhosted.org/packages/3a/a6/7909ed7d29302491e9b7bc0e7ac3287c20736c05a0cc35bae65024aeec3b/hypothesis-6.168.5-cp314-cp314-macosx_11_0_arm64.whl", hash = "sha256:c90743321f29b65491d146adfc2ece85869bacb71ce18b47674795e896c81ee3", size = 784837, upload-time = "2026-10-05T23:25:24.728Z" },
    { url = "https://files.pythonhosted.org/packages/91/8c/57742c459349052e6a3e0c011855840f8cbbbadca91079d5b591f08b25ae/hypothesis-6.168.5-cp314-cp314-manylinux_2_17_aarch64.manylinux2014_aarch64.whl", hash = "sha256:09debb7f7f0f229da5f7e2ad515a5be7a8dc607ec204074775f8ab6731a447f0", size = 1114268, upload-time = "2026-10-05T23:24:27.35Z" },
    { url = "https://files.pythonhosted.org/packages/55/80/07bd2449f91f9426f705fb689429bab6e26d1365f8ac4ef7d7c1cec9055e/hypothesis-6.168.5-cp314-cp314-manylinux_2_17_x86_64.manylinux2014_x86_64.whl", hash = "sha256:d227f8ac497eca0bde4e8562d32dd4e82fc9566526020bbd567f76b833b923b0", size = 1156838, upload-time = "2026-10-05T23:24:35.211Z" },
    { url = "https://files.pythonhosted.org/packages/fe/75/7f3dda517e5134f73e2ae41821bf40b3fd3ac6551a9a43ea9287471738a1/hypothesis-6.168.5-cp314-cp314-musllinux_1_2_aarch64.whl", hash = "sha256:cc6ebd35601c72c842e5899c3f760f9ed26c69e786ee40a9a64fb5a4a3058315", size = 1288864, upload-time = "2026-10-05T23:24:42.645Z" },
    { url = "https://files.pythonhosted.org/packages/c8/cd/4b1364140642cf3f1431ca59b5841fc322872dfa7197b2facb97692da234/hypothesis-6.168.5-cp314-cp314-musllinux_1_2_x86_64.whl", hash = "sha256:503e103ad49e702bad200157d82778eebbc14d3045e9700a8e8fe5db40912953", size = 1323300, upload-time = "2026-10-05T23:24:14.826Z" },
    { url = "https://files.pythonhosted.org/packages/20/e7/47d7cffcaf15318a4308516b6b3d2fd0db599f18eacc0f2dc553be2206a7/hypothesis-6.168.5-cp314-cp314-pyemscripten_2026_0_wasm32.whl", hash = "sha256:bc5cc310f9f86ec62f0d0dd7eea5a4788f18ec793b70ee2c7163b916768e1057", size = 624239, upload-time = "2026-10-05T23:24:48.453Z" },
    { url = "https://files.pythonhosted.org/packages/97/6e/2ca0f68150be175b7cfa7bfb6692260638d86aeb9313478ba82e198186e6/hypothesis-6.168.5-cp314-cp314-win_amd64.whl", hash = "sha256:71ce0599e806ce3a68f9f118edf450bf091e11b134f6bcc5f8dd706b42c91ebc", size = 681884, upload-time = "2026-10-05T23:25:00.757Z" },
    { url = "https://files.pythonhosted.org/packages/bd/4b/4fc2b5970df0c27668ec08abc505f1d01314a69953f89dc0edc6528ff5a0/hypothesis-6.168.5-cp314-cp314t-macosx_10_12_x86_64.whl", hash = "sha256:f66b02c9e95e916a2c58f725a92377ec988146ed7b5aeccd5e78ceecac1eae6f", size = 791636, upload-time = "2026-10-05T23:26:22.365Z" },
    { url = "https://files.pythonhosted.org/packages/04/b2/03cdf5f052dcb441e045be1fd0aa531e85cde1a1cbabab60968625c570a3/hypothesis-6.168.5-cp314-cp314t-macosx_11_0_arm64.whl", hash = "sha256:bab27926e1d1575fb43b70d4aeece05b74a5e477af0509b56cb6fd778070dd93", size = 783280, upload-time = "2026-10-05T23:26:24.333Z" },
    { url = "https://files.pythonhosted.org/packages/7d/d8/615557af244e2f3ce4763029c03a62ed82dcbbd646b72a8c479ef0408b33/hypothesis-6.168.5-cp314-cp314t-manylinux_2_17_aarch64.manylinux2014_aarch64.whl", hash = "sha256:edeb42c3009b5652dc1c44907ec91bfe9284100ad5e57993dfebabb76f2961a1", size = 1112149, upload-time = "2026-10-05T23:24:13.526Z" },
    { url = "https://files.pythonhosted.org/packages/9f/67/a6707fcd51dc5f2531bf88ac072e99f31ab9d8020488b01349a6d2981081/hypothesis-6.168.5-cp314-cp314t-manylinux_2_17_x86_64.manylinux2014_x86_64.whl", hash = "sha256:8977456328147c521a16a089325017b2c728fddc23351693a4fd924cc7fc7001", size = 1155637, upload-time = "2026-10-05T23:24:24.047Z" },
    { url = "https://files.pythonhosted.org/packages/85/d4/ac2e852d2f163afd398854662bcbb0b849a767abbf2f95a75de6f685f821/hypothesis-6.168.5-cp314-cp314t-musllinux_1_2_aarch64.whl", hash = "sha256:36ecf7ac351f9c0b5489ba800884b607da754e88ef40713fbfcc170d2151e6eb", size = 1287040, upload-time = "2026-10-05T23:25:47.706Z" },
    { url = "https://files.pythonhosted.org/packages/23/07/f77b1602704bda6ff3d9d0817120bd7fb94fd792bd25508b36ce4b8bd2a2/hypothesis-6.168.5-cp314-cp314t-musllinux_1_2_x86_64.whl", hash = "sha256:0333aa5129ba3019a83fb81a7f0fc238180e415a9edddd9a15101f8deaaa517e", size = 1322166, upload-time = "2026-10-05T23:25:45.39Z" },
    { url = "https://files.pythonhosted.org/packages/6d/2e/94138a73e0906b31cb5968d20be58688f582a09e5958f2c75d45a7049545/hypothesis-6.168.5-cp314-cp314t-win_amd64.whl", hash = "sha256:2fcb87341d76ae0183e8219c9a14d55957c50d14973879db5fea3e81da45ba1a", size = 681599, upload-time = "2026-10-05T23:24:37.827Z" },
    { url = "https://files.pythonhosted.org/packages/92/13/92cb8092b680be2b6ec5ffe83b9f1a98dbf414117566f9e3ba4e8b569214/hypothesis-6.168.5-cp315-abi3.abi3t-macosx_10_12_x86_64.whl", hash = "sha256:453ab7d0a1fadbaa54ae8722d22463cc2046fa8ef25b9b88715d28279bf79fc1", size = 790950, upload-time = "2026-10-05T23:24:45.852Z" },
    { url = "https://files.pythonhosted.org/packages/e6/22/78aea12694e3d1177e2980d44798b6d93e191faf59155b18bf5ae315f6a2/hypothesis-6.168.5-cp315-abi3.abi3t-macosx_11_0_arm64.whl", hash = "sha256:bbdbc43d1f9dad595b249b7bbe8ee5102bc94a4fcb0a79ff76d20e41fcfe342a", size = 782939, upload-time = "2026-10-05T23:25:39.961Z" },
    { url = "https://files.pythonhosted.org/packages/bd/12/5ef9947b2d149f773428e555bdf66688405aa5167510bdbe97c8ec5c6090/hypothesis-6.168.5-cp315-abi3.abi3t-manylinux_2_17_aarch64.manylinux2014_aarch64.whl", hash = "sha256:2bc36194d7b6083591060836c7872711a6820217b325bf432dd7e10b3d4af5cb", size = 1111380, upload-time = "2026-10-05T23:24:39.087Z" },
    { url = "https://files.pythonhosted.org/packages/e1/65/7e668e203fb2659c6214dc0c24cc09b7dea8a02c7c8d0ad338f644a054c4/hypothesis-6.168.5-cp315-abi3.abi3t-manylinux_2_17_armv7l.manylinux2014_armv7l.whl", hash = "sha256:22425e2b1543a43c157a81472c713ba8f291cbaf054c70ffe128e2cacc294f65", size = 1142644, upload-time = "2026-10-05T23:26:30.697Z" },
    { url = "https://files.pythonhosted.org/packages/c0/77/b112978676e795658d58c4294bf90cdbb8cb56cb8292c8c4874650468cf9/hypothesis-6.168.5-cp315-abi3.abi3t-manylinux_2_17_ppc64le.manylinux2014_ppc64le.whl", hash = "sha256:eea0bc513d0e38d1d5ddfb581132928871cd02dc54dfe4511a5396727c48e9d0", size = 1135966, upload-time = "2026-10-05T23:24:49.806Z" },
    { url = "https://files.pythonhosted.org/packages/e6/27/cd3bf01e8246c4318ec3df15f5eeeee3214f444df0129a6c7f9a62859ee8/hypothesis-6.168.5-cp315-abi3.abi3t-manylinux_2_17_s390x.manylinux2014_s390x.whl", hash = "sha256:eb142bc70bbf6645e15c7ca72de3f7c8dae198aa2743a609f4f3e3bb4f9c3a52", size = 1189646, upload-time = "2026-10-05T23:26:04.471Z" },
    { url = "https://files.pythonhosted.org/packages/7d/a6/4d3e882f31c289e432dfec34dbb9029296038a8c69e8b28cebb0a5fb7ea8/hypothesis-6.168.5-cp315-abi3.abi3t-manylinux_2_17_x86_64.manylinux2014_x86_64.whl", hash = "sha256:a27b758707bd37f5a1759cca6eef83fe1a212c38dc4ca0a203434004c5647d15", size = 1154770, upload-time = "2026-10-05T23:25:10.814Z" },
    { url = "https://files.pythonhosted.org/packages/7f/89/96f5455e1b3d0409cbbb1434c98e792bcceefd614a4b11e600072520b487/hypothesis-6.168.5-cp315-abi3.abi3t-manylinux_2_31_riscv64.whl", hash = "sha256:77a111cb50c330fa7098f65852fa17a01ecd781a85be3cf5e5871bdeeeb0ecbc", size = 1109925, upload-time = "2026-10-05T23:25:26.369Z" },
    { url = "https://files.pythonhosted.org/packages/3d/64/0758985d9d36f0c5ec981a1457ea1c8173f62d46a94531417aec117df4d7/hypothesis-6.168.5-cp315-abi3.abi3t-manylinux_2_5_i686.manylinux1_i686.whl", hash = "sha256:cdd0afc13e86ec76cae3d3659569c1f601f4e9ca52b5cf91c1685979eae64d7b", size = 1148476, upload-time = "2026-10-05T23:24:54.552Z" },
    { url = "https://files.pythonhosted.org/packages/43/5c/a9b8953e1d8aefcd3c22cf8d10dd8acf93e602b903278e2e51cf8544ccea/hypothesis-6.168.5-cp315-abi3.abi3t-musllinux_1_2_aarch64.whl", hash = "sha256:5fefb02035864c3d322e3b0969b296250923fdcfb574ea1ad4374f1a6333f663", size = 1285856, upload-time = "2026-10-05T23:25:38.239Z" },
    { url = "https://files.pythonhosted.org/packages/bf/37/66098444dc832523ddc4f2e05723662834e5f99bba3c759615d059f6420e/hypothesis-6.168.5-cp315-abi3.abi3t-musllinux_1_2_armv7l.whl", hash = "sha256:9db8aa1f5529e1b577ec18b775c2fb4225821712e946f7762b90c966604faf83", size = 1415500, upload-time = "2026-10-05T23:24:21.682Z" },
    { url = "https://files.pythonhosted.org/packages/0c/d3/e971b6fe20ef8d7c2019cbf24b4f6149468efc88c42a744f5bc99e6ca0ed/hypothesis-6.168.5-cp315-abi3.abi3t-musllinux_1_2_i686.whl", hash = "sha256:59e07d2f62b5ff573b0059959ae9cef9edfb0f5393fdb35ea81fce1ee77b27ac", size = 1368623, upload-time = "2026-10-05T23:26:11.292Z" },
    { url = "https://files.pythonhosted.org/packages/e6/ac/b279dfbd2c06cdb3030ba7eea042cb2cf0171d0013563d103d5207dde63b/hypothesis-6.168.5-cp315-abi3.abi3t-musllinux_1_2_ppc64le.whl", hash = "sha256:8a03ca128bea29d6826fc545f1f6289fb1ea2e83a5bb811321761b2d515ca575", size = 1264457, upload-time = "2026-10-05T23:25:21.073Z" },
    { url = "https://files.pythonhosted.org/packages/55/57/16ac9f8ddfada1cd278bd2185234d0d36ebd304926b69ad0497c210c6fed/hypothesis-6.168.5-cp315-abi3.abi3t-musllinux_1_2_riscv64.whl", hash = "sha256:5c03f2d3f84f626f3fd07f54573ab40455e1a1996e98a4f4971caf8b7e796afe", size = 1281744, upload-time = "2026-10-05T23:24:31.263Z" },
    { url = "https://files.pythonhosted.org/packages/3b/d1/99a44430b82998fdef0ffd7d353f64ee5f078c2805ff70f8677ee102cb6c/hypothesis-6.168.5-cp315-abi3.abi3t-musllinux_1_2_x86_64.whl", hash = "sha256:2bdf8ce9b72a620cd5ec4dd6b1c1837ff6971489a863851d11d9b0f58dd4062a", size = 1321504, upload-time = "2026-10-05T23:26:00.583Z" },
    { url = "https://files.pythonhosted.org/packages/bb/6a/58ef2564d1985a5c1a1dc57906b8363a767094abca180e80a0aca4cb635f/hypothesis-6.168.5-cp315-abi3.abi3t-win32.whl", hash = "sha256:5c3abbef7b17571fd713b0922407d9cd8cbc652254c0f462875f15199fcb29f7", size = 674959, upload-time = "2026-10-05T23:24:36.482Z" },
    { url = "https://files.pythonhosted.org/packages/a3/90/153414f55eb0c85bd9d891bd7811d746978c7ad3de81ea79eeb4e62e088b/hypothesis-6.168.5-cp315-abi3.abi3t-win_amd64.whl", hash = "sha256:38172199abab94a04bc017613e055faa796d7175fbc6221aac504d406c960b60", size = 681329, upload-time = "2026-10-05T23:26:08.897Z" },
    { url = "https://files.pythonhosted.org/packages/6d/63/117c82f08ab3ba1dcfbf6562ac43b8deb8efa8106646494fadd15122cc1b/hypothesis-6.168.5-cp315-abi3.abi3t-win_arm64.whl", hash = "sha256:0600ddc24c32dab5ca8e780630ab6e2561df6d7f594f781d0608b38e04c4da91", size = 679632, upload-time = "2026-10-05T23:24:33.753Z" },
]

[[package]]
name = "ida-domain"
version = "0.4.0"
source = { registry = "https://pypi.org/simple" }
dependencies = [
    { name = "idapro" },
    { name = "typing-extensions" },
]
sdist = { url = "https://files.pythonhosted.org/packages/fe/74/a3f7db78d8cc23ffd8e813d2a53281791542c724cb379d8c79edfafbfdbd/ida_domain-0.4.0.tar.gz", hash = "sha256:17ba73b9e71366f0e3cfee3993443ea25857462c51bef2b93223adfe3893b0f2", size = 94454, upload-time = "2026-01-19T14:51:10.28Z" }
wheels = [
    { url = "https://files.pythonhosted.org/packages/71/51/5d2188cdef158671fc8b5ad8995c836a4ba3640a15b3986101a71c50ce4c/ida_domain-0.4.0-py3-none-any.whl", hash = "sha256:9355efb8486b52c5ca52a8c7333c84e0a97ca955e94bfd05db754f2b67d83cf0", size = 100972, upload-time = "2026-01-19T14:51:11.791Z" },
]

[[package]]
name = "idapro"
version = "0.0.7"
source = { registry = "https://pypi.org/simple" }
sdist = { url = "https://files.pythonhosted.org/packages/da/65/b49019b4713b852349b6516b786c8542930aca7701bb2552b18f4e4a4e25/idapro-0.0.7.tar.gz", hash = "sha256:0b2e184b19e4d8404ea48b1f17f39b21b054931315940ee9716ef8559144988f", size = 966886, upload-time = "2025-10-29T09:07:21.695Z" }
wheels = [
    { url = "https://files.pythonhosted.org/packages/fb/5d/6e6565d9a1d6ecf1b48a2bea326f0e3dbe4c3199adfc0a5456b83d235f99/idapro-0.0.7-py3-none-any.whl", hash = "sha256:3cb8d48ac21a19e6a0ef65eacd0005a1f9c40a264a7bcb675914eaa20c6e1371", size = 1999440, upload-time = "2025-10-29T09:07:19.998Z" },
]

[[package]]
name = "idaslicer"
version = "0.1.0"
source = { virtual = "." }
dependencies = [
    { name = "ida-domain" },
]

[package.dev-dependencies]
dev = [
    { name = "hypothesis" },
    { name = "idapro" },
    { name = "pyside6" },
    { name = "pytest" },
]

[package.metadata]
requires-dist = [{ name = "ida-domain", specifier = ">=0.4.0" }]

[package.metadata.requires-dev]
dev = [
    { name = "hypothesis", specifier = ">=6.168.5" },
    { name = "idapro", specifier = ">=0.0.7" },
    { name = "pyside6", specifier = ">=6.11.0" },
    { name = "pytest", specifier = ">=9.1.1" },
]

[[package]]
name = "iniconfig"
version = "2.3.1"
source = { registry = "https://pypi.org/simple" }
sdist = { url = "https://files.pythonhosted.org/packages/01/e1/2069291243c926a2ff1cd706c7f3eeb9b62144bf60f77c9fb9ff2fb26bd3/iniconfig-2.3.1.tar.gz", hash = "sha256:67f4b9c50da0dedf52af349e7749a80a9057a5031199791b906c3bb3ae878960", size = 21209, upload-time = "2026-10-06T22:48:38.076Z" }
wheels = [
    { url = "https://files.pythonhosted.org/packages/56/43/4ca9e49d27a1fcf6bece6f6aec0ea46bb9112489b93d4b688fb415457bdb/iniconfig-2.3.1-py3-none-any.whl", hash = "sha256:9121e2c1fdb355232495be3194c8dfe87ccc2d5dee45947b78e68f499790d7a7", size = 7552, upload-time = "2026-10-06T22:48:36.959Z" },
]

[[package]]
name = "packaging"
version = "26.3"
source = { registry = "https://pypi.org/simple" }
sdist = { url = "https://files.pythonhosted.org/packages/7d/fa/3944b40b07da9ce895c0e6303a5ab7d53da063554f534556b134a54d6093/packaging-26.3.tar.gz", hash = "sha256:94edc256424af38762eb31306eed28beb9f0efc50a8837492c9d6fd6004aed79", size = 313412, upload-time = "2026-08-04T18:15:28.737Z" }
wheels = [
    { url = "https://files.pythonhosted.org/packages/63/34/ba1c580383c9eada3711951fef0795c80b829a078d72188184bcab9dd527/packaging-26.3-py3-none-any.whl", hash = "sha256:d7193f7c8e4e93f444fde0262bf90af30e16fa0ad0ad44cb553c87339b23cd1c", size = 129956, upload-time = "2026-08-04T18:15:27.159Z" },
]

[[package]]
name = "pluggy"
version = "1.6.0"
source = { registry = "https://pypi.org/simple" }
sdist = { url = "https://files.pythonhosted.org/packages/f9/e2/3e91f31a7d2b083fe6ef3fa267035b518369d9511ffab804f839851d2779/pluggy-1.6.0.tar.gz", hash = "sha256:7dcc130b76258d33b90f61b658791dede3486c3e6bfb003ee5c9bfb396dd22f3", size = 69412, upload-time = "2025-05-15T12:30:07.975Z" }
wheels = [
    { url = "https://files.pythonhosted.org/packages/54/20/4d324d65cc6d9205fabedc306948156824eb9f0ee1633355a8f7ec5c66bf/pluggy-1.6.0-py3-none-any.whl", hash = "sha256:e920276dd6813095e9377c0bc5566d94c932c33b27a3e3945d8389c374dd4746", size = 20538, upload-time = "2025-05-15T12:30:06.134Z" },
]

[[package]]
name = "pygments"
version = "2.21.0"
source = { registry = "https://pypi.org/simple" }
sdist = { url = "https://files.pythonhosted.org/packages/49/2e/ced460408999b33da6b31b0021b0f37d329e202d4169aeb164493778f25b/pygments-2.21.0.tar.gz", hash = "sha256:610ca751c9bc2492b38eb9a38a7fbc93edbbb2d7182edaf34e66ae493dee5c8c", size = 5005329, upload-time = "2026-08-17T08:02:48.824Z" }
wheels = [
    { url = "https://files.pythonhosted.org/packages/71/46/17f022dd3e953bf20a04a028a21ec746d942f8d2af30fa0f124fa0e6a684/pygments-2.21.0-py3-none-any.whl", hash = "sha256:2363c69b61c4a97c838da3b130dcd6468f4848992b21a82f2a63ec34377137d9", size = 1250147, upload-time = "2026-08-17T08:02:44.912Z" },
]

[[package]]
name = "pyside6"
version = "6.11.0"
source = { registry = "https://pypi.org/simple" }
dependencies = [
    { name = "pyside6-addons" },
    { name = "pyside6-essentials" },
    { name = "shiboken6" },
]
wheels = [
    { url = "https://files.pythonhosted.org/packages/f4/95/f3f5a2799163b6658126d78a85bc1dec9eda88c75c26780556b26071a1d8/pyside6-6.11.0-cp310-abi3-macosx_13_0_universal2.whl", hash = "sha256:1f2735dc4f2bd4ec452ae50502c8a22128bba0aced35358a2bbc58384b820c6f", size = 571544, upload-time = "2026-03-23T12:47:20.263Z" },
    { url = "https://files.pythonhosted.org/packages/da/89/9a1f521051714e6694ebbe2b979ded279845ec8e25cb309ca3960158d74f/pyside6-6.11.0-cp310-abi3-manylinux_2_34_x86_64.whl", hash = "sha256:c642e2d25704ca746fd37f56feacf25c5aecc4cd40bef23d18eec81f87d9dc00", size = 571725, upload-time = "2026-03-23T12:47:21.727Z" },
    { url = "https://files.pythonhosted.org/packages/c2/3d/f779d8bba00fcde31a7d7fb6b59347a70773c9cc8135592dea9972579877/pyside6-6.11.0-cp310-abi3-manylinux_2_39_aarch64.whl", hash = "sha256:267b344c73580ac938ca63c611881fb42a3922ebfe043e271005f4f06c372c4e", size = 571722, upload-time = "2026-03-23T12:47:22.761Z" },
    { url = "https://files.pythonhosted.org/packages/ac/98/150e01a026df3e9697310236821fa825319bb4b9d6137539cb25a3032968/pyside6-6.11.0-cp310-abi3-win_amd64.whl", hash = "sha256:9092cb002ca43c64006afb2e0d0f6f51aef17aa737c33a45e502326a081ddcbc", size = 577988, upload-time = "2026-03-23T12:47:23.795Z" },
    { url = "https://files.pythonhosted.org/packages/50/e7/55960f7c6b41d058e95cb4af02652c46c48702c506c8bbf12e99550e1fb3/pyside6-6.11.0-cp310-abi3-win_arm64.whl", hash = "sha256:b15f39acc2b8f46251a630acad0d97f9a0a0461f2baffcd66d7adfada8eb641e", size = 561372, upload-time = "2026-03-23T12:47:25.073Z" },
]

[[package]]
name = "pyside6-addons"
version = "6.11.0"
source = { registry = "https://pypi.org/simple" }
dependencies = [
    { name = "pyside6-essentials" },
    { name = "shiboken6" },
]
wheels = [
    { url = "https://files.pythonhosted.org/packages/c0/df/241f311c61a46b7b1195927da77b2537692ee3442aa9ccd87981164ff78d/pyside6_addons-6.11.0-cp310-abi3-macosx_13_0_universal2.whl", hash = "sha256:d5eaa4643302e3a0fa94c5766234bee4073d7d5ab9c2b7fd222692a176faf182", size = 331554157, upload-time = "2026-03-23T12:40:40.497Z" },
    { url = "https://files.pythonhosted.org/packages/31/b9/e81172835ccc9d8b9792cc6bf7524a252a0db9a76ddd693de230402697f9/pyside6_addons-6.11.0-cp310-abi3-manylinux_2_34_x86_64.whl", hash = "sha256:ac6fe3d4ef4497dde3efc5e896b0acd53ff6c93be4bf485f045690f919419f35", size = 174948482, upload-time = "2026-03-23T12:41:05.379Z" },
    { url = "https://files.pythonhosted.org/packages/a8/a4/426d9333782bf65ab2a20257d6b4b3af9b8d5d7a710da719865fab49d492/pyside6_addons-6.11.0-cp310-abi3-manylinux_2_39_aarch64.whl", hash = "sha256:8ffb40222456078930816ebcac2f2511716d2acbc11716dd5acc5c365179a753", size = 170430798, upload-time = "2026-03-23T12:41:38.134Z" },
    { url = "https://files.pythonhosted.org/packages/35/9a/46d271fedfabad8c6dce2ebb69bb593745487ed33753a56a47c3ba4fdb1c/pyside6_addons-6.11.0-cp310-abi3-win_amd64.whl", hash = "sha256:413e6121c24f5ffdce376298059eddecff74aa6d638e94e0f6015b33d29b889e", size = 168723088, upload-time = "2026-03-23T12:42:00.668Z" },
    { url = "https://files.pythonhosted.org/packages/16/cd/1b28264f7dc9a642da2e4e7c02f67418d0949eb7ce329ae20869703c2630/pyside6_addons-6.11.0-cp310-abi3-win_arm64.whl", hash = "sha256:aaaee83385977a0fe134b2f4fbfb92b45a880d5b656e4d90a708eef10b1b6de8", size = 35698324, upload-time = "2026-03-23T12:42:13.748Z" },
]

[[package]]
name = "pyside6-essentials"
version = "6.11.0"
source = { registry = "https://pypi.org/simple" }
dependencies = [
    { name = "shiboken6" },
]
wheels = [
    { url = "https://files.pythonhosted.org/packages/d2/00/8a8583d3429c737cc20e61a43eba8ab1ec13ddb101e99802c2ffeedf3b41/pyside6_essentials-6.11.0-cp310-abi3-macosx_13_0_universal2.whl", hash = "sha256:85d6ca87ef35fa6565d385ede72ae48420dd3f63113929d10fc800f6b0360e01", size = 108085251, upload-time = "2026-03-23T12:42:52.872Z" },
    { url = "https://files.pythonhosted.org/packages/f3/a9/07c9e5c014b871c1b19caf8f994bcd50b345559b81f81671217b49559b67/pyside6_essentials-6.11.0-cp310-abi3-manylinux_2_34_x86_64.whl", hash = "sha256:dc20e7afd5fc6fe51297db91cef997ce60844be578f7a49fc61b7ab9657a8849", size = 78316055, upload-time = "2026-03-23T12:43:04.19Z" },
    { url = "https://files.pythonhosted.org/packages/7c/35/f06b1b641d7600ec46374c16cd37c66fa4a22870326b4eb073a95471035f/pyside6_essentials-6.11.0-cp310-abi3-manylinux_2_39_aarch64.whl", hash = "sha256:4854cb0a1b061e7a576d8fb7bb7cf9f49540d558b1acb7df0742a7afefe61e4e", size = 77380821, upload-time = "2026-03-23T12:43:24.649Z" },
    { url = "https://files.pythonhosted.org/packages/ff/37/ba95c6262836d2b286b4e05a9d16a5e870995d5d2503ac6adc6312208049/pyside6_essentials-6.11.0-cp310-abi3-win_amd64.whl", hash = "sha256:3b3362882ad9389357a80504e600180006a957731fec05786fced7b038461fdf", size = 75793322, upload-time = "2026-03-23T12:43:35.575Z" },
    { url = "https://files.pythonhosted.org/packages/53/27/d17f25e45820e633a70e6109b35991eda09a5e8000c2a306f0ab7538d48c/pyside6_essentials-6.11.0-cp310-abi3-win_arm64.whl", hash = "sha256:81ca603dbf21bc39f89bb42db215c25ebe0c879a1a4c387625c321d2730ec187", size = 56337457, upload-time = "2026-03-23T12:43:43.573Z" },
]

[[package]]
name = "pytest"
version = "9.1.1"
source = { registry = "https://pypi.org/simple" }
dependencies = [
    { name = "colorama", marker = "sys_platform == 'win32'" },
    { name = "iniconfig" },
    { name = "packaging" },
    { name = "pluggy" },
    { name = "pygments" },
]
sdist = { url = "https://files.pythonhosted.org/packages/e4/47/b9efed96c114afcfa3c9d3fe98a76a1d14c74a9e266d397cf6eb64be5e01/pytest-9.1.1.tar.gz", hash = "sha256:1088fbde8f2b49d95a549a195707afa7a76a3ce9bcadc26b6d71f0ffda5fe313", size = 1636369, upload-time = "2026-06-19T10:58:32.857Z" }
wheels = [
    { url = "https://files.pythonhosted.org/packages/24/25/1de2678b631f5a49215c6c96fff41ba892b0a34df68d6d80292b1b48aa7f/pytest-9.1.1-py3-none-any.whl", hash = "sha256:37a86b45efb9a47a61a36449063e8e18d0cab3161329fc099eb21783169c4f0c", size = 386536, upload-time = "2026-06-19T10:58:31.347Z" },
]

[[package]]
name = "shiboken6"
version = "6.11.0"
source = { registry = "https://pypi.org/simple" }
wheels = [
    { url = "https://files.pythonhosted.org/packages/82/1d/b56b7b694fbc871496435488d1f41c5068de546334850d722756511cef65/shiboken6-6.11.0-cp310-abi3-macosx_13_0_universal2.whl", hash = "sha256:d88e8a1eb705f2b9ad21db08a61ae1dc0c773e5cd86a069de0754c4cf1f9b43b", size = 476085, upload-time = "2026-03-23T12:47:05.724Z" },
    { url = "https://files.pythonhosted.org/packages/65/cb/4bb0c76011166230daa7c0074aeb3fdb3935c83ac1fef3789b85fcd1a8fc/shiboken6-6.11.0-cp310-abi3-manylinux_2_34_x86_64.whl", hash = "sha256:ad54e64f8192ddbdff0c54ac82b89edcd62ed623f502ea21c960541d19514053", size = 271055, upload-time = "2026-03-23T12:47:07.349Z" },
    { url = "https://files.pythonhosted.org/packages/f5/96/771a6e2b530f725303d16d78a321fa4876b98b4f3615c9851880df8c1a43/shiboken6-6.11.0-cp310-abi3-manylinux_2_39_aarch64.whl", hash = "sha256:a10dc7718104ea2dc15d5b0b96909b77162ce1c76fcc6968e6df692b947a00e9", size = 267456, upload-time = "2026-03-23T12:47:08.689Z" },
    { url = "https://files.pythonhosted.org/packages/72/f7/44c0c42c3f5f29dec457fd46ea0552174bcb8aa75becf03bbd90308ba07b/shiboken6-6.11.0-cp310-abi3-win_amd64.whl", hash = "sha256:483ff78a73c7b3189ca924abc694318084f078bcfeaffa68e32024ff2d025ee1", size = 1222132, upload-time = "2026-03-23T12:47:10.143Z" },
    { url = "https://files.pythonhosted.org/packages/fb/99/6e5ee21db2d6af84bbbd7d871d441dafeb069c6de5667b1aa49891a77c66/shiboken6-6.11.0-cp310-abi3-win_arm64.whl", hash = "sha256:3bd76cf56105ab2d62ecaff630366f11264f69b88d488f10f048da9a065781f4", size = 1783186, upload-time = "2026-03-23T12:47:11.832Z" },
]

[[package]]
name = "sortedcontainers"
version = "2.4.0"
source = { registry = "https://pypi.org/simple" }
sdist = { url = "https://files.pythonhosted.org/packages/e8/c4/ba2f8066cceb6f23394729afe52f3bf7adec04bf9ed2c820b39e19299111/sortedcontainers-2.4.0.tar.gz", hash = "sha256:25caa5a06cc30b6b83d11423433f65d1f9d76c4c6a0c90e3379eaa43b9bfdb88", size = 30594, upload-time = "2021-05-16T22:03:42.897Z" }
wheels = [
    { url = "https://files.pythonhosted.org/packages/32/46/9cb0e58b2deb7f82b84065f37f3bffeb12413f947f9388e4cac22c4621ce/sortedcontainers-2.4.0-py2.py3-none-any.whl", hash = "sha256:a163dcaede0f1c021485e957a39245190e74249897e2ae4b2aa38595db237ee0", size = 29575, upload-time = "2021-05-16T22:03:41.177Z" },
]

[[package]]
name = "typing-extensions"
version = "4.15.0"
source = { registry = "https://pypi.org/simple" }
sdist = { url = "https://files.pythonhosted.org/packages/72/94/1a15dd82efb362ac84269196e94cf00f187f7ed21c242792a923cdb1c61f/typing_extensions-4.15.0.tar.gz", hash = "sha256:0cea48d173cc12fa28ecabc3b837ea3cf6f38c6d1136f85cbaaf598984861466", size = 109391, upload-time = "2025-08-25T13:49:26.313Z" }
wheels = [
    { url = "https://files.pythonhosted.org/packages/18/67/36e9267722cc04a6b9f15c7f3441c2363321a3ea07da7ae0c0707beb2a9c/typing_extensions-4.15.0-py3-none-any.whl", hash = "sha256:f0fa19c6845758ab08074a0cfa8b7aecb71c999ca73d62883bc25cc018c4e548", size = 44614, upload-time = "2025-08-25T13:49:24.86Z" },
]
